
Microsoft Visual Studio Solution File, Format Version 12.00
# Visual Studio Version 16
VisualStudioVersion = 16.0.29728.190
MinimumVisualStudioVersion = 10.0.40219.1
Project("{8BC9CEB8-8B4A-11D0-8D11-00A0C91BC942}") = "HolidayHelperApp", "HolidayHelperApp\HolidayHelperApp.vcxproj", "{C7A8AFFA-F1BE-4810-A7F7-7AA28A95A039}"
	ProjectSection(ProjectDependencies) = postProject
		{6BC4F60F-0559-4103-ADEE-A027652C3470} = {6BC4F60F-0559-4103-ADEE-A027652C3470}
	EndProjectSection
EndProject
Project("{8BC9CEB8-8B4A-11D0-8D11-00A0C91BC942}") = "HolidayHelperLib", "HolidayHelperLib\HolidayHelperLib.vcxproj", "{6BC4F60F-0559-4103-ADEE-A027652C3470}"
EndProject
Project("{8BC9CEB8-8B4A-11D0-8D11-00A0C91BC942}") = "HolidayHelperTest", "HolidayHelperTest\HolidayHelperTest.vcxproj", "{A3F3D3AE-1A26-44C6-9061-B44C20114442}"
	ProjectSection(ProjectDependencies) = postProject
		{6BC4F60F-0559-4103-ADEE-A027652C3470} = {6BC4F60F-0559-4103-ADEE-A027652C3470}
		{C7A8AFFA-F1BE-4810-A7F7-7AA28A95A039} = {C7A8AFFA-F1BE-4810-A7F7-7AA28A95A039}
	EndProjectSection
EndProject
Global
	GlobalSection(SolutionConfigurationPlatforms) = preSolution
		Debug|x64 = Debug|x64
		Release|x64 = Release|x64
	EndGlobalSection
	GlobalSection(ProjectConfigurationPlatforms) = postSolution
		{C7A8AFFA-F1BE-4810-A7F7-7AA28A95A039}.Debug|x64.ActiveCfg = Debug|x64
		{C7A8AFFA-F1BE-4810-A7F7-7AA28A95A039}.Debug|x64.Build.0 = Debug|x64
		{C7A8AFFA-F1BE-4810-A7F7-7AA28A95A039}.Release|x64.ActiveCfg = Release|x64
		{C7A8AFFA-F1BE-4810-A7F7-7AA28A95A039}.Release|x64.Build.0 = Release|x64
		{6BC4F60F-0559-4103-ADEE-A027652C3470}.Debug|x64.ActiveCfg = Debug|x64
		{6BC4F60F-0559-4103-ADEE-A027652C3470}.Debug|x64.Build.0 = Debug|x64
		{6BC4F60F-0559-4103-ADEE-A027652C3470}.Release|x64.ActiveCfg = Release|x64
		{6BC4F60F-0559-4103-ADEE-A027652C3470}.Release|x64.Build.0 = Release|x64
		{A3F3D3AE-1A26-44C6-9061-B44C20114442}.Debug|x64.ActiveCfg = Debug|x64
		{A3F3D3AE-1A26-44C6-9061-B44C20114442}.Debug|x64.Build.0 = Debug|x64
		{A3F3D3AE-1A26-44C6-9061-B44C20114442}.Release|x64.ActiveCfg = Release|x64
		{A3F3D3AE-1A26-44C6-9061-B44C20114442}.Release|x64.Build.0 = Release|x64
	EndGlobalSection
	GlobalSection(SolutionProperties) = preSolution
		HideSolutionNode = FALSE
	EndGlobalSection
	GlobalSection(ExtensibilityGlobals) = postSolution
		SolutionGuid = {42C3BB67-F846-48F1-8F3C-60353F1D5553}
	EndGlobalSection
EndGlobal
