<?xml version="1.0" encoding="utf-8"?>
<Project ToolsVersion="4.0" xmlns="http://schemas.microsoft.com/developer/msbuild/2003">
  <ItemGroup>
    <Filter Include="Logic">
      <UniqueIdentifier>{624c9f75-76c7-4a0b-9bc2-703bb916cff5}</UniqueIdentifier>
    </Filter>
    <Filter Include="Persistence">
      <UniqueIdentifier>{e66d8a0f-373d-4248-aef7-0304b7985be7}</UniqueIdentifier>
    </Filter>
    <Filter Include="Data">
      <UniqueIdentifier>{ca5b7471-3176-42ff-8a06-a39e048cb4a4}</UniqueIdentifier>
    </Filter>
    <Filter Include="Presentation">
      <UniqueIdentifier>{02ca4aca-364b-478c-9647-8e2b094cc802}</UniqueIdentifier>
    </Filter>
    <Filter Include="Utils">
      <UniqueIdentifier>{45d517b0-d2f7-41c0-8102-a5da3ceaf9d9}</UniqueIdentifier>
    </Filter>
    <Filter Include="Data\Dataset">
      <UniqueIdentifier>{2e9b62cc-511a-4645-8db8-75752911bec4}</UniqueIdentifier>
    </Filter>
    <Filter Include="Utils\Input">
      <UniqueIdentifier>{e9a32ed2-8f5e-4c99-87ac-f1fdceff22ca}</UniqueIdentifier>
    </Filter>
    <Filter Include="Persistence\Serialization">
      <UniqueIdentifier>{e12367a2-b284-445d-aa8a-906c78f368ab}</UniqueIdentifier>
    </Filter>
    <Filter Include="Persistence\Serialization\Serializable">
      <UniqueIdentifier>{49d98297-bfff-457f-85fb-da59c2a6bdcc}</UniqueIdentifier>
    </Filter>
    <Filter Include="Data\Activity">
      <UniqueIdentifier>{814297bc-d2ff-4db9-b47d-338055d1aefe}</UniqueIdentifier>
    </Filter>
    <Filter Include="Data\Location">
      <UniqueIdentifier>{9afe01f7-fd73-451d-97dc-28d0abf98938}</UniqueIdentifier>
    </Filter>
  </ItemGroup>
  <ItemGroup>
    <ClCompile Include="DataSet.cpp">
      <Filter>Data\Dataset</Filter>
    </ClCompile>
    <ClCompile Include="Input.cpp">
      <Filter>Utils\Input</Filter>
    </ClCompile>
    <ClCompile Include="Serializable.cpp">
      <Filter>Persistence\Serialization\Serializable</Filter>
    </ClCompile>
    <ClCompile Include="Activity.cpp">
      <Filter>Data\Activity</Filter>
    </ClCompile>
    <ClCompile Include="FinanceCaclulations.cpp">
      <Filter>Logic</Filter>
    </ClCompile>
  </ItemGroup>
</Project>